
Microsoft Visual Studio Solution File, Format Version 11.00
# Visual Studio 2010
Project("{FAE04EC0-301F-11D3-BF4B-00C04F79EFBC}") = "StorEvilSpecs", "StorEvil\StorEvilSpecs.csproj", "{E141DA8D-235C-418B-A399-B108EC1264C8}"
EndProject
Project("{FAE04EC0-301F-11D3-BF4B-00C04F79EFBC}") = "Calculator", "Calculator\Calculator.csproj", "{A08E73A1-BF0E-44A3-A7AD-60E06FC85F84}"
EndProject
Global
	GlobalSection(SolutionConfigurationPlatforms) = preSolution
		Debug|Any CPU = Debug|Any CPU
		Release|Any CPU = Release|Any CPU
	EndGlobalSection
	GlobalSection(ProjectConfigurationPlatforms) = postSolution
		{E141DA8D-235C-418B-A399-B108EC1264C8}.Debug|Any CPU.ActiveCfg = Debug|Any CPU
		{E141DA8D-235C-418B-A399-B108EC1264C8}.Debug|Any CPU.Build.0 = Debug|Any CPU
		{E141DA8D-235C-418B-A399-B108EC1264C8}.Release|Any CPU.ActiveCfg = Release|Any CPU
		{E141DA8D-235C-418B-A399-B108EC1264C8}.Release|Any CPU.Build.0 = Release|Any CPU
		{A08E73A1-BF0E-44A3-A7AD-60E06FC85F84}.Debug|Any CPU.ActiveCfg = Debug|Any CPU
		{A08E73A1-BF0E-44A3-A7AD-60E06FC85F84}.Debug|Any CPU.Build.0 = Debug|Any CPU
		{A08E73A1-BF0E-44A3-A7AD-60E06FC85F84}.Release|Any CPU.ActiveCfg = Release|Any CPU
		{A08E73A1-BF0E-44A3-A7AD-60E06FC85F84}.Release|Any CPU.Build.0 = Release|Any CPU
	EndGlobalSection
	GlobalSection(SolutionProperties) = preSolution
		HideSolutionNode = FALSE
	EndGlobalSection
EndGlobal
